
Microsoft Visual Studio Solution File, Format Version 11.00
# Visual Studio 2010
Project("{8BC9CEB8-8B4A-11D0-8D11-00A0C91BC942}") = "1_D3DInit", "1_D3DInit.vcxproj", "{84378326-FBA0-451E-8637-B7D0C73BF590}"
EndProject
Global
	GlobalSection(SolutionConfigurationPlatforms) = preSolution
		Debug|Win32 = Debug|Win32
		Release|Win32 = Release|Win32
	EndGlobalSection
	GlobalSection(ProjectConfigurationPlatforms) = postSolution
		{84378326-FBA0-451E-8637-B7D0C73BF590}.Debug|Win32.ActiveCfg = Debug|Win32
		{84378326-FBA0-451E-8637-B7D0C73BF590}.Debug|Win32.Build.0 = Debug|Win32
		{84378326-FBA0-451E-8637-B7D0C73BF590}.Release|Win32.ActiveCfg = Release|Win32
		{84378326-FBA0-451E-8637-B7D0C73BF590}.Release|Win32.Build.0 = Release|Win32
	EndGlobalSection
	GlobalSection(SolutionProperties) = preSolution
		HideSolutionNode = FALSE
	EndGlobalSection
EndGlobal
